
Microsoft Visual Studio Solution File, Format Version 12.00
# Visual Studio 2013
VisualStudioVersion = 12.0.20827.3
MinimumVisualStudioVersion = 10.0.40219.1
Project("{FAE04EC0-301F-11D3-BF4B-00C04F79EFBC}") = "EventStore", "EventStore.csproj", "{6116B1B0-4D03-4DFA-A95B-9A39BA05A530}"
EndProject
Project("{FAE04EC0-301F-11D3-BF4B-00C04F79EFBC}") = "Demo", "Demo\Demo.csproj", "{E4E0D645-8D04-469C-A738-7389755041A8}"
EndProject
Global
	GlobalSection(SolutionConfigurationPlatforms) = preSolution
		Debug|Any CPU = Debug|Any CPU
		Release|Any CPU = Release|Any CPU
	EndGlobalSection
	GlobalSection(ProjectConfigurationPlatforms) = postSolution
		{6116B1B0-4D03-4DFA-A95B-9A39BA05A530}.Debug|Any CPU.ActiveCfg = Debug|Any CPU
		{6116B1B0-4D03-4DFA-A95B-9A39BA05A530}.Debug|Any CPU.Build.0 = Debug|Any CPU
		{6116B1B0-4D03-4DFA-A95B-9A39BA05A530}.Release|Any CPU.ActiveCfg = Release|Any CPU
		{6116B1B0-4D03-4DFA-A95B-9A39BA05A530}.Release|Any CPU.Build.0 = Release|Any CPU
		{E4E0D645-8D04-469C-A738-7389755041A8}.Debug|Any CPU.ActiveCfg = Debug|Any CPU
		{E4E0D645-8D04-469C-A738-7389755041A8}.Debug|Any CPU.Build.0 = Debug|Any CPU
		{E4E0D645-8D04-469C-A738-7389755041A8}.Release|Any CPU.ActiveCfg = Release|Any CPU
		{E4E0D645-8D04-469C-A738-7389755041A8}.Release|Any CPU.Build.0 = Release|Any CPU
	EndGlobalSection
	GlobalSection(SolutionProperties) = preSolution
		HideSolutionNode = FALSE
	EndGlobalSection
EndGlobal
